
Microsoft Visual Studio Solution File, Format Version 12.00
# Visual Studio Version 17
VisualStudioVersion = 17.4.33110.190
MinimumVisualStudioVersion = 10.0.40219.1
Project("{FAE04EC0-301F-11D3-BF4B-00C04F79EFBC}") = "ForDongusu", "ForDongusu\ForDongusu.csproj", "{75A625DF-E58B-48F3-8DAD-094743BE7724}"
EndProject
Global
	GlobalSection(SolutionConfigurationPlatforms) = preSolution
		Debug|Any CPU = Debug|Any CPU
		Release|Any CPU = Release|Any CPU
	EndGlobalSection
	GlobalSection(ProjectConfigurationPlatforms) = postSolution
		{75A625DF-E58B-48F3-8DAD-094743BE7724}.Debug|Any CPU.ActiveCfg = Debug|Any CPU
		{75A625DF-E58B-48F3-8DAD-094743BE7724}.Debug|Any CPU.Build.0 = Debug|Any CPU
		{75A625DF-E58B-48F3-8DAD-094743BE7724}.Release|Any CPU.ActiveCfg = Release|Any CPU
		{75A625DF-E58B-48F3-8DAD-094743BE7724}.Release|Any CPU.Build.0 = Release|Any CPU
	EndGlobalSection
	GlobalSection(SolutionProperties) = preSolution
		HideSolutionNode = FALSE
	EndGlobalSection
	GlobalSection(ExtensibilityGlobals) = postSolution
		SolutionGuid = {A561E543-3B41-4156-9793-F02C74C450A1}
	EndGlobalSection
EndGlobal
